// !$*UTF8*$!
{
	archiveVersion = 1;
	classes = {
	};
	objectVersion = 46;
	objects = {

/* Begin PBXBuildFile section */
		2BBF02591B687A4700A275F5 /* main.m in Sources */ = {isa = PBXBuildFile; fileRef = 2BBF02581B687A4700A275F5 /* main.m */; };
		2BBF025C1B687A4700A275F5 /* AppDelegate.m in Sources */ = {isa = PBXBuildFile; fileRef = 2BBF025B1B687A4700A275F5 /* AppDelegate.m */; };
		2BBF025F1B687A4700A275F5 /* ____.xcdatamodeld in Sources */ = {isa = PBXBuildFile; fileRef = 2BBF025D1B687A4700A275F5 /* ____.xcdatamodeld */; };
		2BBF02651B687A4700A275F5 /* Main.storyboard in Resources */ = {isa = PBXBuildFile; fileRef = 2BBF02631B687A4700A275F5 /* Main.storyboard */; };
		2BBF02671B687A4700A275F5 /* Images.xcassets in Resources */ = {isa = PBXBuildFile; fileRef = 2BBF02661B687A4700A275F5 /* Images.xcassets */; };
		2BBF026A1B687A4700A275F5 /* LaunchScreen.xib in Resources */ = {isa = PBXBuildFile; fileRef = 2BBF02681B687A4700A275F5 /* LaunchScreen.xib */; };
		2BBF02761B687A4700A275F5 /* ____Tests.m in Sources */ = {isa = PBXBuildFile; fileRef = 2BBF02751B687A4700A275F5 /* ____Tests.m */; };
/* End PBXBuildFile section */

/* Begin PBXContainerItemProxy section */
		2BBF02701B687A4700A275F5 /* PBXContainerItemProxy */ = {
			isa = PBXContainerItemProxy;
			containerPortal = 2BBF024B1B687A4700A275F5 /* Project object */;
			proxyType = 1;
			remoteGlobalIDString = 2BBF02521B687A4700A275F5;
			remoteInfo = "紧急救援";
		};
/* End PBXContainerItemProxy section */

/* Begin PBXFileReference section */
		2BBF02531B687A4700A275F5 /* 紧急救援.app */ = {isa = PBXFileReference; explicitFileType = wrapper.application; includeInIndex = 0; path = "紧急救援.app"; sourceTree = BUILT_PRODUCTS_DIR; };
		2BBF02571B687A4700A275F5 /* Info.plist */ = {isa = PBXFileReference; lastKnownFileType = text.plist.xml; path = Info.plist; sourceTree = "<group>"; };
		2BBF02581B687A4700A275F5 /* main.m */ = {isa = PBXFileReference; lastKnownFileType = sourcecode.c.objc; path = main.m; sourceTree = "<group>"; };
		2BBF025A1B687A4700A275F5 /* AppDelegate.h */ = {isa = PBXFileReference; lastKnownFileType = sourcecode.c.h; path = AppDelegate.h; sourceTree = "<group>"; };
		2BBF025B1B687A4700A275F5 /* AppDelegate.m */ = {isa = PBXFileReference; lastKnownFileType = sourcecode.c.objc; path = AppDelegate.m; sourceTree = "<group>"; };
		2BBF025E1B687A4700A275F5 /* ____.xcdatamodel */ = {isa = PBXFileReference; lastKnownFileType = wrapper.xcdatamodel; path = "____.xcdatamodel"; sourceTree = "<group>"; };
		2BBF02641B687A4700A275F5 /* Base */ = {isa = PBXFileReference; lastKnownFileType = file.storyboard; name = Base; path = Base.lproj/Main.storyboard; sourceTree = "<group>"; };
		2BBF02661B687A4700A275F5 /* Images.xcassets */ = {isa = PBXFileReference; lastKnownFileType = folder.assetcatalog; path = Images.xcassets; sourceTree = "<group>"; };
		2BBF02691B687A4700A275F5 /* Base */ = {isa = PBXFileReference; lastKnownFileType = file.xib; name = Base; path = Base.lproj/LaunchScreen.xib; sourceTree = "<group>"; };
		2BBF026F1B687A4700A275F5 /* 紧急救援Tests.xctest */ = {isa = PBXFileReference; explicitFileType = wrapper.cfbundle; includeInIndex = 0; path = "紧急救援Tests.xctest"; sourceTree = BUILT_PRODUCTS_DIR; };
		2BBF02741B687A4700A275F5 /* Info.plist */ = {isa = PBXFileReference; lastKnownFileType = text.plist.xml; path = Info.plist; sourceTree = "<group>"; };
		2BBF02751B687A4700A275F5 /* ____Tests.m */ = {isa = PBXFileReference; lastKnownFileType = sourcecode.c.objc; path = "____Tests.m"; sourceTree = "<group>"; };
/* End PBXFileReference section */

/* Begin PBXFrameworksBuildPhase section */
		2BBF02501B687A4700A275F5 /* Frameworks */ = {
			isa = PBXFrameworksBuildPhase;
			buildActionMask = 2147483647;
			files = (
			);
			runOnlyForDeploymentPostprocessing = 0;
		};
		2BBF026C1B687A4700A275F5 /* Frameworks */ = {
			isa = PBXFrameworksBuildPhase;
			buildActionMask = 2147483647;
			files = (
			);
			runOnlyForDeploymentPostprocessing = 0;
		};
/* End PBXFrameworksBuildPhase section */

/* Begin PBXGroup section */
		2BBF024A1B687A4700A275F5 = {
			isa = PBXGroup;
			children = (
				2BBF02551B687A4700A275F5 /* 紧急救援 */,
				2BBF02721B687A4700A275F5 /* 紧急救援Tests */,
				2BBF02541B687A4700A275F5 /* Products */,
			);
			sourceTree = "<group>";
		};
		2BBF02541B687A4700A275F5 /* Products */ = {
			isa = PBXGroup;
			children = (
				2BBF02531B687A4700A275F5 /* 紧急救援.app */,
				2BBF026F1B687A4700A275F5 /* 紧急救援Tests.xctest */,
			);
			name = Products;
			sourceTree = "<group>";
		};
		2BBF02551B687A4700A275F5 /* 紧急救援 */ = {
			isa = PBXGroup;
			children = (
				2BBF027F1B6895AF00A275F5 /* Classes */,
				2BBF025D1B687A4700A275F5 /* ____.xcdatamodeld */,
				2BBF02561B687A4700A275F5 /* Supporting Files */,
			);
			path = "紧急救援";
			sourceTree = "<group>";
		};
		2BBF02561B687A4700A275F5 /* Supporting Files */ = {
			isa = PBXGroup;
			children = (
				2BBF02571B687A4700A275F5 /* Info.plist */,
				2BBF02581B687A4700A275F5 /* main.m */,
			);
			name = "Supporting Files";
			sourceTree = "<group>";
		};
		2BBF02721B687A4700A275F5 /* 紧急救援Tests */ = {
			isa = PBXGroup;
			children = (
				2BBF02751B687A4700A275F5 /* ____Tests.m */,
				2BBF02731B687A4700A275F5 /* Supporting Files */,
			);
			path = "紧急救援Tests";
			sourceTree = "<group>";
		};
		2BBF02731B687A4700A275F5 /* Supporting Files */ = {
			isa = PBXGroup;
			children = (
				2BBF02741B687A4700A275F5 /* Info.plist */,
			);
			name = "Supporting Files";
			sourceTree = "<group>";
		};
		2BBF027F1B6895AF00A275F5 /* Classes */ = {
			isa = PBXGroup;
			children = (
				2BBF02891B68D1AD00A275F5 /* 111 */,
				2BBF02881B68CFA500A275F5 /* Common */,
				2BBF02841B68969B00A275F5 /* Mine */,
				2BBF02831B68965A00A275F5 /* Set */,
				2BBF02821B68964300A275F5 /* Manual */,
				2BBF02811B6895D100A275F5 /* Emergency */,
				2BBF02801B6895BE00A275F5 /* Login */,
			);
			name = Classes;
			sourceTree = "<group>";
		};
		2BBF02801B6895BE00A275F5 /* Login */ = {
			isa = PBXGroup;
			children = (
				2BBF02871B6896D500A275F5 /* controller */,
				2BBF02861B6896BE00A275F5 /* view */,
				2BBF02851B6896B200A275F5 /* model */,
			);
			name = Login;
			sourceTree = "<group>";
		};
		2BBF02811B6895D100A275F5 /* Emergency */ = {
			isa = PBXGroup;
			children = (
			);
			name = Emergency;
			sourceTree = "<group>";
		};
		2BBF02821B68964300A275F5 /* Manual */ = {
			isa = PBXGroup;
			children = (
			);
			name = Manual;
			sourceTree = "<group>";
		};
		2BBF02831B68965A00A275F5 /* Set */ = {
			isa = PBXGroup;
			children = (
			);
			name = Set;
			sourceTree = "<group>";
		};
		2BBF02841B68969B00A275F5 /* Mine */ = {
			isa = PBXGroup;
			children = (
			);
			name = Mine;
			sourceTree = "<group>";
		};
		2BBF02851B6896B200A275F5 /* model */ = {
			isa = PBXGroup;
			children = (
			);
			name = model;
			sourceTree = "<group>";
		};
		2BBF02861B6896BE00A275F5 /* view */ = {
			isa = PBXGroup;
			children = (
			);
			name = view;
			sourceTree = "<group>";
		};
		2BBF02871B6896D500A275F5 /* controller */ = {
			isa = PBXGroup;
			children = (
			);
			name = controller;
			sourceTree = "<group>";
		};
		2BBF02881B68CFA500A275F5 /* Common */ = {
			isa = PBXGroup;
			children = (
				2BBF02631B687A4700A275F5 /* Main.storyboard */,
				2BBF02661B687A4700A275F5 /* Images.xcassets */,
				2BBF02681B687A4700A275F5 /* LaunchScreen.xib */,
				2BBF025A1B687A4700A275F5 /* AppDelegate.h */,
				2BBF025B1B687A4700A275F5 /* AppDelegate.m */,
			);
			name = Common;
			sourceTree = "<group>";
		};
		2BBF02891B68D1AD00A275F5 /* 111 */ = {
			isa = PBXGroup;
			children = (
			);
			name = 111;
			sourceTree = "<group>";
		};
/* End PBXGroup section */

/* Begin PBXNativeTarget section */
		2BBF02521B687A4700A275F5 /* 紧急救援 */ = {
			isa = PBXNativeTarget;
			buildConfigurationList = 2BBF02791B687A4700A275F5 /* Build configuration list for PBXNativeTarget "紧急救援" */;
			buildPhases = (
				2BBF024F1B687A4700A275F5 /* Sources */,
				2BBF02501B687A4700A275F5 /* Frameworks */,
				2BBF02511B687A4700A275F5 /* Resources */,
			);
			buildRules = (
			);
			dependencies = (
			);
			name = "紧急救援";
			productName = "紧急救援";
			productReference = 2BBF02531B687A4700A275F5 /* 紧急救援.app */;
			productType = "com.apple.product-type.application";
		};
		2BBF026E1B687A4700A275F5 /* 紧急救援Tests */ = {
			isa = PBXNativeTarget;
			buildConfigurationList = 2BBF027C1B687A4700A275F5 /* Build configuration list for PBXNativeTarget "紧急救援Tests" */;
			buildPhases = (
				2BBF026B1B687A4700A275F5 /* Sources */,
				2BBF026C1B687A4700A275F5 /* Frameworks */,
				2BBF026D1B687A4700A275F5 /* Resources */,
			);
			buildRules = (
			);
			dependencies = (
				2BBF02711B687A4700A275F5 /* PBXTargetDependency */,
			);
			name = "紧急救援Tests";
			productName = "紧急救援Tests";
			productReference = 2BBF026F1B687A4700A275F5 /* 紧急救援Tests.xctest */;
			productType = "com.apple.product-type.bundle.unit-test";
		};
/* End PBXNativeTarget section */

/* Begin PBXProject section */
		2BBF024B1B687A4700A275F5 /* Project object */ = {
			isa = PBXProject;
			attributes = {
				LastUpgradeCheck = 0630;
				ORGANIZATIONNAME = "紧急救援";
				TargetAttributes = {
					2BBF02521B687A4700A275F5 = {
						CreatedOnToolsVersion = 6.3;
					};
					2BBF026E1B687A4700A275F5 = {
						CreatedOnToolsVersion = 6.3;
						TestTargetID = 2BBF02521B687A4700A275F5;
					};
				};
			};
			buildConfigurationList = 2BBF024E1B687A4700A275F5 /* Build configuration list for PBXProject "紧急救援" */;
			compatibilityVersion = "Xcode 3.2";
			developmentRegion = English;
			hasScannedForEncodings = 0;
			knownRegions = (
				en,
				Base,
			);
			mainGroup = 2BBF024A1B687A4700A275F5;
			productRefGroup = 2BBF02541B687A4700A275F5 /* Products */;
			projectDirPath = "";
			projectRoot = "";
			targets = (
				2BBF02521B687A4700A275F5 /* 紧急救援 */,
				2BBF026E1B687A4700A275F5 /* 紧急救援Tests */,
			);
		};
/* End PBXProject section */

/* Begin PBXResourcesBuildPhase section */
		2BBF02511B687A4700A275F5 /* Resources */ = {
			isa = PBXResourcesBuildPhase;
			buildActionMask = 2147483647;
			files = (
				2BBF02651B687A4700A275F5 /* Main.storyboard in Resources */,
				2BBF026A1B687A4700A275F5 /* LaunchScreen.xib in Resources */,
				2BBF02671B687A4700A275F5 /* Images.xcassets in Resources */,
			);
			runOnlyForDeploymentPostprocessing = 0;
		};
		2BBF026D1B687A4700A275F5 /* Resources */ = {
			isa = PBXResourcesBuildPhase;
			buildActionMask = 2147483647;
			files = (
			);
			runOnlyForDeploymentPostprocessing = 0;
		};
/* End PBXResourcesBuildPhase section */

/* Begin PBXSourcesBuildPhase section */
		2BBF024F1B687A4700A275F5 /* Sources */ = {
			isa = PBXSourcesBuildPhase;
			buildActionMask = 2147483647;
			files = (
				2BBF025C1B687A4700A275F5 /* AppDelegate.m in Sources */,
				2BBF025F1B687A4700A275F5 /* ____.xcdatamodeld in Sources */,
				2BBF02591B687A4700A275F5 /* main.m in Sources */,
			);
			runOnlyForDeploymentPostprocessing = 0;
		};
		2BBF026B1B687A4700A275F5 /* Sources */ = {
			isa = PBXSourcesBuildPhase;
			buildActionMask = 2147483647;
			files = (
				2BBF02761B687A4700A275F5 /* ____Tests.m in Sources */,
			);
			runOnlyForDeploymentPostprocessing = 0;
		};
/* End PBXSourcesBuildPhase section */

/* Begin PBXTargetDependency section */
		2BBF02711B687A4700A275F5 /* PBXTargetDependency */ = {
			isa = PBXTargetDependency;
			target = 2BBF02521B687A4700A275F5 /* 紧急救援 */;
			targetProxy = 2BBF02701B687A4700A275F5 /* PBXContainerItemProxy */;
		};
/* End PBXTargetDependency section */

/* Begin PBXVariantGroup section */
		2BBF02631B687A4700A275F5 /* Main.storyboard */ = {
			isa = PBXVariantGroup;
			children = (
				2BBF02641B687A4700A275F5 /* Base */,
			);
			name = Main.storyboard;
			sourceTree = "<group>";
		};
		2BBF02681B687A4700A275F5 /* LaunchScreen.xib */ = {
			isa = PBXVariantGroup;
			children = (
				2BBF02691B687A4700A275F5 /* Base */,
			);
			name = LaunchScreen.xib;
			sourceTree = "<group>";
		};
/* End PBXVariantGroup section */

/* Begin XCBuildConfiguration section */
		2BBF02771B687A4700A275F5 /* Debug */ = {
			isa = XCBuildConfiguration;
			buildSettings = {
				ALWAYS_SEARCH_USER_PATHS = NO;
				CLANG_CXX_LANGUAGE_STANDARD = "gnu++0x";
				CLANG_CXX_LIBRARY = "libc++";
				CLANG_ENABLE_MODULES = YES;
				CLANG_ENABLE_OBJC_ARC = YES;
				CLANG_WARN_BOOL_CONVERSION = YES;
				CLANG_WARN_CONSTANT_CONVERSION = YES;
				CLANG_WARN_DIRECT_OBJC_ISA_USAGE = YES_ERROR;
				CLANG_WARN_EMPTY_BODY = YES;
				CLANG_WARN_ENUM_CONVERSION = YES;
				CLANG_WARN_INT_CONVERSION = YES;
				CLANG_WARN_OBJC_ROOT_CLASS = YES_ERROR;
				CLANG_WARN_UNREACHABLE_CODE = YES;
				CLANG_WARN__DUPLICATE_METHOD_MATCH = YES;
				"CODE_SIGN_IDENTITY[sdk=iphoneos*]" = "iPhone Developer";
				COPY_PHASE_STRIP = NO;
				DEBUG_INFORMATION_FORMAT = "dwarf-with-dsym";
				ENABLE_STRICT_OBJC_MSGSEND = YES;
				GCC_C_LANGUAGE_STANDARD = gnu99;
				GCC_DYNAMIC_NO_PIC = NO;
				GCC_NO_COMMON_BLOCKS = YES;
				GCC_OPTIMIZATION_LEVEL = 0;
				GCC_PREPROCESSOR_DEFINITIONS = (
					"DEBUG=1",
					"$(inherited)",
				);
				GCC_SYMBOLS_PRIVATE_EXTERN = NO;
				GCC_WARN_64_TO_32_BIT_CONVERSION = YES;
				GCC_WARN_ABOUT_RETURN_TYPE = YES_ERROR;
				GCC_WARN_UNDECLARED_SELECTOR = YES;
				GCC_WARN_UNINITIALIZED_AUTOS = YES_AGGRESSIVE;
				GCC_WARN_UNUSED_FUNCTION = YES;
				GCC_WARN_UNUSED_VARIABLE = YES;
				IPHONEOS_DEPLOYMENT_TARGET = 8.3;
				MTL_ENABLE_DEBUG_INFO = YES;
				ONLY_ACTIVE_ARCH = YES;
				SDKROOT = iphoneos;
			};
			name = Debug;
		};
		2BBF02781B687A4700A275F5 /* Release */ = {
			isa = XCBuildConfiguration;
			buildSettings = {
				ALWAYS_SEARCH_USER_PATHS = NO;
				CLANG_CXX_LANGUAGE_STANDARD = "gnu++0x";
				CLANG_CXX_LIBRARY = "libc++";
				CLANG_ENABLE_MODULES = YES;
				CLANG_ENABLE_OBJC_ARC = YES;
				CLANG_WARN_BOOL_CONVERSION = YES;
				CLANG_WARN_CONSTANT_CONVERSION = YES;
				CLANG_WARN_DIRECT_OBJC_ISA_USAGE = YES_ERROR;
				CLANG_WARN_EMPTY_BODY = YES;
				CLANG_WARN_ENUM_CONVERSION = YES;
				CLANG_WARN_INT_CONVERSION = YES;
				CLANG_WARN_OBJC_ROOT_CLASS = YES_ERROR;
				CLANG_WARN_UNREACHABLE_CODE = YES;
				CLANG_WARN__DUPLICATE_METHOD_MATCH = YES;
				"CODE_SIGN_IDENTITY[sdk=iphoneos*]" = "iPhone Developer";
				COPY_PHASE_STRIP = NO;
				DEBUG_INFORMATION_FORMAT = "dwarf-with-dsym";
				ENABLE_NS_ASSERTIONS = NO;
				ENABLE_STRICT_OBJC_MSGSEND = YES;
				GCC_C_LANGUAGE_STANDARD = gnu99;
				GCC_NO_COMMON_BLOCKS = YES;
				GCC_WARN_64_TO_32_BIT_CONVERSION = YES;
				GCC_WARN_ABOUT_RETURN_TYPE = YES_ERROR;
				GCC_WARN_UNDECLARED_SELECTOR = YES;
				GCC_WARN_UNINITIALIZED_AUTOS = YES_AGGRESSIVE;
				GCC_WARN_UNUSED_FUNCTION = YES;
				GCC_WARN_UNUSED_VARIABLE = YES;
				IPHONEOS_DEPLOYMENT_TARGET = 8.3;
				MTL_ENABLE_DEBUG_INFO = NO;
				SDKROOT = iphoneos;
				VALIDATE_PRODUCT = YES;
			};
			name = Release;
		};
		2BBF027A1B687A4700A275F5 /* Debug */ = {
			isa = XCBuildConfiguration;
			buildSettings = {
				ASSETCATALOG_COMPILER_APPICON_NAME = AppIcon;
				INFOPLIST_FILE = "紧急救援/Info.plist";
				LD_RUNPATH_SEARCH_PATHS = "$(inherited) @executable_path/Frameworks";
				PRODUCT_NAME = "$(TARGET_NAME)";
			};
			name = Debug;
		};
		2BBF027B1B687A4700A275F5 /* Release */ = {
			isa = XCBuildConfiguration;
			buildSettings = {
				ASSETCATALOG_COMPILER_APPICON_NAME = AppIcon;
				INFOPLIST_FILE = "紧急救援/Info.plist";
				LD_RUNPATH_SEARCH_PATHS = "$(inherited) @executable_path/Frameworks";
				PRODUCT_NAME = "$(TARGET_NAME)";
			};
			name = Release;
		};
		2BBF027D1B687A4700A275F5 /* Debug */ = {
			isa = XCBuildConfiguration;
			buildSettings = {
				BUNDLE_LOADER = "$(TEST_HOST)";
				FRAMEWORK_SEARCH_PATHS = (
					"$(SDKROOT)/Developer/Library/Frameworks",
					"$(inherited)",
				);
				GCC_PREPROCESSOR_DEFINITIONS = (
					"DEBUG=1",
					"$(inherited)",
				);
				INFOPLIST_FILE = "紧急救援Tests/Info.plist";
				LD_RUNPATH_SEARCH_PATHS = "$(inherited) @executable_path/Frameworks @loader_path/Frameworks";
				PRODUCT_NAME = "$(TARGET_NAME)";
				TEST_HOST = "$(BUILT_PRODUCTS_DIR)/紧急救援.app/紧急救援";
			};
			name = Debug;
		};
		2BBF027E1B687A4700A275F5 /* Release */ = {
			isa = XCBuildConfiguration;
			buildSettings = {
				BUNDLE_LOADER = "$(TEST_HOST)";
				FRAMEWORK_SEARCH_PATHS = (
					"$(SDKROOT)/Developer/Library/Frameworks",
					"$(inherited)",
				);
				INFOPLIST_FILE = "紧急救援Tests/Info.plist";
				LD_RUNPATH_SEARCH_PATHS = "$(inherited) @executable_path/Frameworks @loader_path/Frameworks";
				PRODUCT_NAME = "$(TARGET_NAME)";
				TEST_HOST = "$(BUILT_PRODUCTS_DIR)/紧急救援.app/紧急救援";
			};
			name = Release;
		};
/* End XCBuildConfiguration section */

/* Begin XCConfigurationList section */
		2BBF024E1B687A4700A275F5 /* Build configuration list for PBXProject "紧急救援" */ = {
			isa = XCConfigurationList;
			buildConfigurations = (
				2BBF02771B687A4700A275F5 /* Debug */,
				2BBF02781B687A4700A275F5 /* Release */,
			);
			defaultConfigurationIsVisible = 0;
			defaultConfigurationName = Release;
		};
		2BBF02791B687A4700A275F5 /* Build configuration list for PBXNativeTarget "紧急救援" */ = {
			isa = XCConfigurationList;
			buildConfigurations = (
				2BBF027A1B687A4700A275F5 /* Debug */,
				2BBF027B1B687A4700A275F5 /* Release */,
			);
			defaultConfigurationIsVisible = 0;
			defaultConfigurationName = Release;
		};
		2BBF027C1B687A4700A275F5 /* Build configuration list for PBXNativeTarget "紧急救援Tests" */ = {
			isa = XCConfigurationList;
			buildConfigurations = (
				2BBF027D1B687A4700A275F5 /* Debug */,
				2BBF027E1B687A4700A275F5 /* Release */,
			);
			defaultConfigurationIsVisible = 0;
			defaultConfigurationName = Release;
		};
/* End XCConfigurationList section */

/* Begin XCVersionGroup section */
		2BBF025D1B687A4700A275F5 /* ____.xcdatamodeld */ = {
			isa = XCVersionGroup;
			children = (
				2BBF025E1B687A4700A275F5 /* ____.xcdatamodel */,
			);
			currentVersion = 2BBF025E1B687A4700A275F5 /* ____.xcdatamodel */;
			path = "____.xcdatamodeld";
			sourceTree = "<group>";
			versionGroupType = wrapper.xcdatamodel;
		};
/* End XCVersionGroup section */
	};
	rootObject = 2BBF024B1B687A4700A275F5 /* Project object */;
}
